
Microsoft Visual Studio Solution File, Format Version 12.00
# Visual Studio Version 16
VisualStudioVersion = 16.0.29709.97
MinimumVisualStudioVersion = 10.0.40219.1
Project("{FAE04EC0-301F-11D3-BF4B-00C04F79EFBC}") = "Calc", "Calc\Calc.csproj", "{578E1F58-9B13-4D9D-8134-461780AF81F9}"
EndProject
Global
	GlobalSection(SolutionConfigurationPlatforms) = preSolution
		Debug|Any CPU = Debug|Any CPU
		Release|Any CPU = Release|Any CPU
	EndGlobalSection
	GlobalSection(ProjectConfigurationPlatforms) = postSolution
		{578E1F58-9B13-4D9D-8134-461780AF81F9}.Debug|Any CPU.ActiveCfg = Debug|Any CPU
		{578E1F58-9B13-4D9D-8134-461780AF81F9}.Debug|Any CPU.Build.0 = Debug|Any CPU
		{578E1F58-9B13-4D9D-8134-461780AF81F9}.Release|Any CPU.ActiveCfg = Release|Any CPU
		{578E1F58-9B13-4D9D-8134-461780AF81F9}.Release|Any CPU.Build.0 = Release|Any CPU
	EndGlobalSection
	GlobalSection(SolutionProperties) = preSolution
		HideSolutionNode = FALSE
	EndGlobalSection
	GlobalSection(ExtensibilityGlobals) = postSolution
		SolutionGuid = {A6A87166-29C3-41E7-A05C-266B13ECAC20}
	EndGlobalSection
EndGlobal
